
Microsoft Visual Studio Solution File, Format Version 12.00
# Visual Studio Version 16
VisualStudioVersion = 16.0.30517.126
MinimumVisualStudioVersion = 10.0.40219.1
Project("{FAE04EC0-301F-11D3-BF4B-00C04F79EFBC}") = "atena-image-core", "atena-image-core.csproj", "{95202167-E23F-4F00-9BBF-B0F8BD89000E}"
EndProject
Global
	GlobalSection(SolutionConfigurationPlatforms) = preSolution
		Debug|Any CPU = Debug|Any CPU
		Release|Any CPU = Release|Any CPU
	EndGlobalSection
	GlobalSection(ProjectConfigurationPlatforms) = postSolution
		{95202167-E23F-4F00-9BBF-B0F8BD89000E}.Debug|Any CPU.ActiveCfg = Debug|Any CPU
		{95202167-E23F-4F00-9BBF-B0F8BD89000E}.Debug|Any CPU.Build.0 = Debug|Any CPU
		{95202167-E23F-4F00-9BBF-B0F8BD89000E}.Release|Any CPU.ActiveCfg = Release|Any CPU
		{95202167-E23F-4F00-9BBF-B0F8BD89000E}.Release|Any CPU.Build.0 = Release|Any CPU
	EndGlobalSection
	GlobalSection(SolutionProperties) = preSolution
		HideSolutionNode = FALSE
	EndGlobalSection
	GlobalSection(ExtensibilityGlobals) = postSolution
		SolutionGuid = {053EF720-8C7D-4290-B04B-A78BD1F650DC}
	EndGlobalSection
EndGlobal
